# This file is automatically @generated by Cargo.
# It is not intended for manual editing.
[[package]]
name = "board-game-traits"
version = "0.1.0"
source = "registry+https://github.com/rust-lang/crates.io-index"
checksum = "5cb754816c075082acb2dc2dcd311ade978c5ef9df46c623126046125d52be51"

[[package]]
name = "smallvec"
version = "1.2.0"
source = "registry+https://github.com/rust-lang/crates.io-index"
checksum = "5c2fb2ec9bcd216a5b0d0ccf31ab17b5ed1d627960edff65bbe95d3ce221cefc"

[[package]]
name = "taik"
version = "0.1.0"
dependencies = [
 "board-game-traits",
 "smallvec",
]
